// !$*UTF8*$!
{
	archiveVersion = 1;
	classes = {
	};
	objectVersion = 46;
	objects = {

/* Begin PBXBuildFile section */
		7EC8EF351DEAD85300676092 /* AppDelegate.swift in Sources */ = {isa = PBXBuildFile; fileRef = 7EC8EF341DEAD85300676092 /* AppDelegate.swift */; };
		7EC8EF371DEAD85300676092 /* ViewController.swift in Sources */ = {isa = PBXBuildFile; fileRef = 7EC8EF361DEAD85300676092 /* ViewController.swift */; };
		7EC8EF3A1DEAD85300676092 /* Main.storyboard in Resources */ = {isa = PBXBuildFile; fileRef = 7EC8EF381DEAD85300676092 /* Main.storyboard */; };
		7EC8EF3C1DEAD85300676092 /* Assets.xcassets in Resources */ = {isa = PBXBuildFile; fileRef = 7EC8EF3B1DEAD85300676092 /* Assets.xcassets */; };
		7EC8EF3F1DEAD85300676092 /* LaunchScreen.storyboard in Resources */ = {isa = PBXBuildFile; fileRef = 7EC8EF3D1DEAD85300676092 /* LaunchScreen.storyboard */; };
		7EC8EF471DEB46F200676092 /* MemeModel.swift in Sources */ = {isa = PBXBuildFile; fileRef = 7EC8EF461DEB46F200676092 /* MemeModel.swift */; };
/* End PBXBuildFile section */

/* Begin PBXFileReference section */
		7EC8EF311DEAD85300676092 /* MemeMe-V1.0.app */ = {isa = PBXFileReference; explicitFileType = wrapper.application; includeInIndex = 0; path = "MemeMe-V1.0.app"; sourceTree = BUILT_PRODUCTS_DIR; };
		7EC8EF341DEAD85300676092 /* AppDelegate.swift */ = {isa = PBXFileReference; lastKnownFileType = sourcecode.swift; path = AppDelegate.swift; sourceTree = "<group>"; };
		7EC8EF361DEAD85300676092 /* ViewController.swift */ = {isa = PBXFileReference; lastKnownFileType = sourcecode.swift; path = ViewController.swift; sourceTree = "<group>"; };
		7EC8EF391DEAD85300676092 /* Base */ = {isa = PBXFileReference; lastKnownFileType = file.storyboard; name = Base; path = Base.lproj/Main.storyboard; sourceTree = "<group>"; };
		7EC8EF3B1DEAD85300676092 /* Assets.xcassets */ = {isa = PBXFileReference; lastKnownFileType = folder.assetcatalog; path = Assets.xcassets; sourceTree = "<group>"; };
		7EC8EF3E1DEAD85300676092 /* Base */ = {isa = PBXFileReference; lastKnownFileType = file.storyboard; name = Base; path = Base.lproj/LaunchScreen.storyboard; sourceTree = "<group>"; };
		7EC8EF401DEAD85300676092 /* Info.plist */ = {isa = PBXFileReference; lastKnownFileType = text.plist.xml; path = Info.plist; sourceTree = "<group>"; };
		7EC8EF461DEB46F200676092 /* MemeModel.swift */ = {isa = PBXFileReference; fileEncoding = 4; lastKnownFileType = sourcecode.swift; path = MemeModel.swift; sourceTree = "<group>"; };
/* End PBXFileReference section */

/* Begin PBXFrameworksBuildPhase section */
		7EC8EF2E1DEAD85300676092 /* Frameworks */ = {
			isa = PBXFrameworksBuildPhase;
			buildActionMask = 2147483647;
			files = (
			);
			runOnlyForDeploymentPostprocessing = 0;
		};
/* End PBXFrameworksBuildPhase section */

/* Begin PBXGroup section */
		7EC8EF281DEAD85300676092 = {
			isa = PBXGroup;
			children = (
				7EC8EF331DEAD85300676092 /* MemeMe-V1.0 */,
				7EC8EF321DEAD85300676092 /* Products */,
			);
			sourceTree = "<group>";
		};
		7EC8EF321DEAD85300676092 /* Products */ = {
			isa = PBXGroup;
			children = (
				7EC8EF311DEAD85300676092 /* MemeMe-V1.0.app */,
			);
			name = Products;
			sourceTree = "<group>";
		};
		7EC8EF331DEAD85300676092 /* MemeMe-V1.0 */ = {
			isa = PBXGroup;
			children = (
				7EC8EF341DEAD85300676092 /* AppDelegate.swift */,
				7EC8EF361DEAD85300676092 /* ViewController.swift */,
				7EC8EF381DEAD85300676092 /* Main.storyboard */,
				7EC8EF3B1DEAD85300676092 /* Assets.xcassets */,
				7EC8EF3D1DEAD85300676092 /* LaunchScreen.storyboard */,
				7EC8EF401DEAD85300676092 /* Info.plist */,
				7EC8EF461DEB46F200676092 /* MemeModel.swift */,
			);
			path = "MemeMe-V1.0";
			sourceTree = "<group>";
		};
/* End PBXGroup section */

/* Begin PBXNativeTarget section */
		7EC8EF301DEAD85300676092 /* MemeMe-V1.0 */ = {
			isa = PBXNativeTarget;
			buildConfigurationList = 7EC8EF431DEAD85300676092 /* Build configuration list for PBXNativeTarget "MemeMe-V1.0" */;
			buildPhases = (
				7EC8EF2D1DEAD85300676092 /* Sources */,
				7EC8EF2E1DEAD85300676092 /* Frameworks */,
				7EC8EF2F1DEAD85300676092 /* Resources */,
			);
			buildRules = (
			);
			dependencies = (
			);
			name = "MemeMe-V1.0";
			productName = "MemeMe-V1.0";
			productReference = 7EC8EF311DEAD85300676092 /* MemeMe-V1.0.app */;
			productType = "com.apple.product-type.application";
		};
/* End PBXNativeTarget section */

/* Begin PBXProject section */
		7EC8EF291DEAD85300676092 /* Project object */ = {
			isa = PBXProject;
			attributes = {
				LastSwiftUpdateCheck = 0800;
				LastUpgradeCheck = 0800;
				ORGANIZATIONNAME = "Rakesh Kumar";
				TargetAttributes = {
					7EC8EF301DEAD85300676092 = {
						CreatedOnToolsVersion = 8.0;
						ProvisioningStyle = Automatic;
					};
				};
			};
			buildConfigurationList = 7EC8EF2C1DEAD85300676092 /* Build configuration list for PBXProject "MemeMe-V1.0" */;
			compatibilityVersion = "Xcode 3.2";
			developmentRegion = English;
			hasScannedForEncodings = 0;
			knownRegions = (
				en,
				Base,
			);
			mainGroup = 7EC8EF281DEAD85300676092;
			productRefGroup = 7EC8EF321DEAD85300676092 /* Products */;
			projectDirPath = "";
			projectRoot = "";
			targets = (
				7EC8EF301DEAD85300676092 /* MemeMe-V1.0 */,
			);
		};
/* End PBXProject section */

/* Begin PBXResourcesBuildPhase section */
		7EC8EF2F1DEAD85300676092 /* Resources */ = {
			isa = PBXResourcesBuildPhase;
			buildActionMask = 2147483647;
			files = (
				7EC8EF3F1DEAD85300676092 /* LaunchScreen.storyboard in Resources */,
				7EC8EF3C1DEAD85300676092 /* Assets.xcassets in Resources */,
				7EC8EF3A1DEAD85300676092 /* Main.storyboard in Resources */,
			);
			runOnlyForDeploymentPostprocessing = 0;
		};
/* End PBXResourcesBuildPhase section */

/* Begin PBXSourcesBuildPhase section */
		7EC8EF2D1DEAD85300676092 /* Sources */ = {
			isa = PBXSourcesBuildPhase;
			buildActionMask = 2147483647;
			files = (
				7EC8EF371DEAD85300676092 /* ViewController.swift in Sources */,
				7EC8EF471DEB46F200676092 /* MemeModel.swift in Sources */,
				7EC8EF351DEAD85300676092 /* AppDelegate.swift in Sources */,
			);
			runOnlyForDeploymentPostprocessing = 0;
		};
/* End PBXSourcesBuildPhase section */

/* Begin PBXVariantGroup section */
		7EC8EF381DEAD85300676092 /* Main.storyboard */ = {
			isa = PBXVariantGroup;
			children = (
				7EC8EF391DEAD85300676092 /* Base */,
			);
			name = Main.storyboard;
			sourceTree = "<group>";
		};
		7EC8EF3D1DEAD85300676092 /* LaunchScreen.storyboard */ = {
			isa = PBXVariantGroup;
			children = (
				7EC8EF3E1DEAD85300676092 /* Base */,
			);
			name = LaunchScreen.storyboard;
			sourceTree = "<group>";
		};
/* End PBXVariantGroup section */

/* Begin XCBuildConfiguration section */
		7EC8EF411DEAD85300676092 /* Debug */ = {
			isa = XCBuildConfiguration;
			buildSettings = {
				ALWAYS_SEARCH_USER_PATHS = NO;
				CLANG_ANALYZER_NONNULL = YES;
				CLANG_CXX_LANGUAGE_STANDARD = "gnu++0x";
				CLANG_CXX_LIBRARY = "libc++";
				CLANG_ENABLE_MODULES = YES;
				CLANG_ENABLE_OBJC_ARC = YES;
				CLANG_WARN_BOOL_CONVERSION = YES;
				CLANG_WARN_CONSTANT_CONVERSION = YES;
				CLANG_WARN_DIRECT_OBJC_ISA_USAGE = YES_ERROR;
				CLANG_WARN_DOCUMENTATION_COMMENTS = YES;
				CLANG_WARN_EMPTY_BODY = YES;
				CLANG_WARN_ENUM_CONVERSION = YES;
				CLANG_WARN_INFINITE_RECURSION = YES;
				CLANG_WARN_INT_CONVERSION = YES;
				CLANG_WARN_OBJC_ROOT_CLASS = YES_ERROR;
				CLANG_WARN_SUSPICIOUS_MOVES = YES;
				CLANG_WARN_UNREACHABLE_CODE = YES;
				CLANG_WARN__DUPLICATE_METHOD_MATCH = YES;
				"CODE_SIGN_IDENTITY[sdk=iphoneos*]" = "iPhone Developer";
				COPY_PHASE_STRIP = NO;
				DEBUG_INFORMATION_FORMAT = dwarf;
				ENABLE_STRICT_OBJC_MSGSEND = YES;
				ENABLE_TESTABILITY = YES;
				GCC_C_LANGUAGE_STANDARD = gnu99;
				GCC_DYNAMIC_NO_PIC = NO;
				GCC_NO_COMMON_BLOCKS = YES;
				GCC_OPTIMIZATION_LEVEL = 0;
				GCC_PREPROCESSOR_DEFINITIONS = (
					"DEBUG=1",
					"$(inherited)",
				);
				GCC_WARN_64_TO_32_BIT_CONVERSION = YES;
				GCC_WARN_ABOUT_RETURN_TYPE = YES_ERROR;
				GCC_WARN_UNDECLARED_SELECTOR = YES;
				GCC_WARN_UNINITIALIZED_AUTOS = YES_AGGRESSIVE;
				GCC_WARN_UNUSED_FUNCTION = YES;
				GCC_WARN_UNUSED_VARIABLE = YES;
				IPHONEOS_DEPLOYMENT_TARGET = 10.0;
				MTL_ENABLE_DEBUG_INFO = YES;
				ONLY_ACTIVE_ARCH = YES;
				SDKROOT = iphoneos;
				SWIFT_ACTIVE_COMPILATION_CONDITIONS = DEBUG;
				SWIFT_OPTIMIZATION_LEVEL = "-Onone";
				TARGETED_DEVICE_FAMILY = "1,2";
			};
			name = Debug;
		};
		7EC8EF421DEAD85300676092 /* Release */ = {
			isa = XCBuildConfiguration;
			buildSettings = {
				ALWAYS_SEARCH_USER_PATHS = NO;
				CLANG_ANALYZER_NONNULL = YES;
				CLANG_CXX_LANGUAGE_STANDARD = "gnu++0x";
				CLANG_CXX_LIBRARY = "libc++";
				CLANG_ENABLE_MODULES = YES;
				CLANG_ENABLE_OBJC_ARC = YES;
				CLANG_WARN_BOOL_CONVERSION = YES;
				CLANG_WARN_CONSTANT_CONVERSION = YES;
				CLANG_WARN_DIRECT_OBJC_ISA_USAGE = YES_ERROR;
				CLANG_WARN_DOCUMENTATION_COMMENTS = YES;
				CLANG_WARN_EMPTY_BODY = YES;
				CLANG_WARN_ENUM_CONVERSION = YES;
				CLANG_WARN_INFINITE_RECURSION = YES;
				CLANG_WARN_INT_CONVERSION = YES;
				CLANG_WARN_OBJC_ROOT_CLASS = YES_ERROR;
				CLANG_WARN_SUSPICIOUS_MOVES = YES;
				CLANG_WARN_UNREACHABLE_CODE = YES;
				CLANG_WARN__DUPLICATE_METHOD_MATCH = YES;
				"CODE_SIGN_IDENTITY[sdk=iphoneos*]" = "iPhone Developer";
				COPY_PHASE_STRIP = NO;
				DEBUG_INFORMATION_FORMAT = "dwarf-with-dsym";
				ENABLE_NS_ASSERTIONS = NO;
				ENABLE_STRICT_OBJC_MSGSEND = YES;
				GCC_C_LANGUAGE_STANDARD = gnu99;
				GCC_NO_COMMON_BLOCKS = YES;
				GCC_WARN_64_TO_32_BIT_CONVERSION = YES;
				GCC_WARN_ABOUT_RETURN_TYPE = YES_ERROR;
				GCC_WARN_UNDECLARED_SELECTOR = YES;
				GCC_WARN_UNINITIALIZED_AUTOS = YES_AGGRESSIVE;
				GCC_WARN_UNUSED_FUNCTION = YES;
				GCC_WARN_UNUSED_VARIABLE = YES;
				IPHONEOS_DEPLOYMENT_TARGET = 10.0;
				MTL_ENABLE_DEBUG_INFO = NO;
				SDKROOT = iphoneos;
				SWIFT_OPTIMIZATION_LEVEL = "-Owholemodule";
				TARGETED_DEVICE_FAMILY = "1,2";
				VALIDATE_PRODUCT = YES;
			};
			name = Release;
		};
		7EC8EF441DEAD85300676092 /* Debug */ = {
			isa = XCBuildConfiguration;
			buildSettings = {
				ASSETCATALOG_COMPILER_APPICON_NAME = AppIcon;
				INFOPLIST_FILE = "MemeMe-V1.0/Info.plist";
				LD_RUNPATH_SEARCH_PATHS = "$(inherited) @executable_path/Frameworks";
				PRODUCT_BUNDLE_IDENTIFIER = "com.rakesh.MemeMe-V1-0";
				PRODUCT_NAME = "$(TARGET_NAME)";
				SWIFT_VERSION = 3.0;
			};
			name = Debug;
		};
		7EC8EF451DEAD85300676092 /* Release */ = {
			isa = XCBuildConfiguration;
			buildSettings = {
				ASSETCATALOG_COMPILER_APPICON_NAME = AppIcon;
				INFOPLIST_FILE = "MemeMe-V1.0/Info.plist";
				LD_RUNPATH_SEARCH_PATHS = "$(inherited) @executable_path/Frameworks";
				PRODUCT_BUNDLE_IDENTIFIER = "com.rakesh.MemeMe-V1-0";
				PRODUCT_NAME = "$(TARGET_NAME)";
				SWIFT_VERSION = 3.0;
			};
			name = Release;
		};
/* End XCBuildConfiguration section */

/* Begin XCConfigurationList section */
		7EC8EF2C1DEAD85300676092 /* Build configuration list for PBXProject "MemeMe-V1.0" */ = {
			isa = XCConfigurationList;
			buildConfigurations = (
				7EC8EF411DEAD85300676092 /* Debug */,
				7EC8EF421DEAD85300676092 /* Release */,
			);
			defaultConfigurationIsVisible = 0;
			defaultConfigurationName = Release;
		};
		7EC8EF431DEAD85300676092 /* Build configuration list for PBXNativeTarget "MemeMe-V1.0" */ = {
			isa = XCConfigurationList;
			buildConfigurations = (
				7EC8EF441DEAD85300676092 /* Debug */,
				7EC8EF451DEAD85300676092 /* Release */,
			);
			defaultConfigurationIsVisible = 0;
			defaultConfigurationName = Release;
		};
/* End XCConfigurationList section */
	};
	rootObject = 7EC8EF291DEAD85300676092 /* Project object */;
}
